// !$*UTF8*$!
{
	archiveVersion = 1;
	classes = {
	};
	objectVersion = 56;
	objects = {

/* Begin PBXBuildFile section */
		5676ADC32C65624F005F7581 /* AppDelegate.swift in Sources */ = {isa = PBXBuildFile; fileRef = 5676ADC22C65624F005F7581 /* AppDelegate.swift */; };
		5676ADC52C65624F005F7581 /* SceneDelegate.swift in Sources */ = {isa = PBXBuildFile; fileRef = 5676ADC42C65624F005F7581 /* SceneDelegate.swift */; };
		5676ADC72C65624F005F7581 /* ViewController.swift in Sources */ = {isa = PBXBuildFile; fileRef = 5676ADC62C65624F005F7581 /* ViewController.swift */; };
		5676ADCA2C65624F005F7581 /* Base in Resources */ = {isa = PBXBuildFile; fileRef = 5676ADC92C65624F005F7581 /* Base */; };
		5676ADCC2C656251005F7581 /* Assets.xcassets in Resources */ = {isa = PBXBuildFile; fileRef = 5676ADCB2C656251005F7581 /* Assets.xcassets */; };
		5676ADCF2C656251005F7581 /* Base in Resources */ = {isa = PBXBuildFile; fileRef = 5676ADCE2C656251005F7581 /* Base */; };
		5676ADD72C668EB2005F7581 /* AssetComposer.swift in Sources */ = {isa = PBXBuildFile; fileRef = 5676ADD62C668EB2005F7581 /* AssetComposer.swift */; };
		5676ADD92C668F00005F7581 /* DefaultAnchorCalculator.swift in Sources */ = {isa = PBXBuildFile; fileRef = 5676ADD82C668F00005F7581 /* DefaultAnchorCalculator.swift */; };
		5676ADDB2C668F79005F7581 /* CGSize+Extensions.swift in Sources */ = {isa = PBXBuildFile; fileRef = 5676ADDA2C668F79005F7581 /* CGSize+Extensions.swift */; };
		5676ADDD2C668FD6005F7581 /* UIImage+Extensions.swift in Sources */ = {isa = PBXBuildFile; fileRef = 5676ADDC2C668FD6005F7581 /* UIImage+Extensions.swift */; };
/* End PBXBuildFile section */

/* Begin PBXFileReference section */
		5676ADBF2C65624F005F7581 /* AssetComposer.app */ = {isa = PBXFileReference; explicitFileType = wrapper.application; includeInIndex = 0; path = AssetComposer.app; sourceTree = BUILT_PRODUCTS_DIR; };
		5676ADC22C65624F005F7581 /* AppDelegate.swift */ = {isa = PBXFileReference; lastKnownFileType = sourcecode.swift; path = AppDelegate.swift; sourceTree = "<group>"; };
		5676ADC42C65624F005F7581 /* SceneDelegate.swift */ = {isa = PBXFileReference; lastKnownFileType = sourcecode.swift; path = SceneDelegate.swift; sourceTree = "<group>"; };
		5676ADC62C65624F005F7581 /* ViewController.swift */ = {isa = PBXFileReference; lastKnownFileType = sourcecode.swift; path = ViewController.swift; sourceTree = "<group>"; };
		5676ADC92C65624F005F7581 /* Base */ = {isa = PBXFileReference; lastKnownFileType = file.storyboard; name = Base; path = Base.lproj/Main.storyboard; sourceTree = "<group>"; };
		5676ADCB2C656251005F7581 /* Assets.xcassets */ = {isa = PBXFileReference; lastKnownFileType = folder.assetcatalog; path = Assets.xcassets; sourceTree = "<group>"; };
		5676ADCE2C656251005F7581 /* Base */ = {isa = PBXFileReference; lastKnownFileType = file.storyboard; name = Base; path = Base.lproj/LaunchScreen.storyboard; sourceTree = "<group>"; };
		5676ADD02C656251005F7581 /* Info.plist */ = {isa = PBXFileReference; lastKnownFileType = text.plist.xml; path = Info.plist; sourceTree = "<group>"; };
		5676ADD62C668EB2005F7581 /* AssetComposer.swift */ = {isa = PBXFileReference; lastKnownFileType = sourcecode.swift; path = AssetComposer.swift; sourceTree = "<group>"; };
		5676ADD82C668F00005F7581 /* DefaultAnchorCalculator.swift */ = {isa = PBXFileReference; lastKnownFileType = sourcecode.swift; path = DefaultAnchorCalculator.swift; sourceTree = "<group>"; };
		5676ADDA2C668F79005F7581 /* CGSize+Extensions.swift */ = {isa = PBXFileReference; lastKnownFileType = sourcecode.swift; path = "CGSize+Extensions.swift"; sourceTree = "<group>"; };
		5676ADDC2C668FD6005F7581 /* UIImage+Extensions.swift */ = {isa = PBXFileReference; lastKnownFileType = sourcecode.swift; path = "UIImage+Extensions.swift"; sourceTree = "<group>"; };
/* End PBXFileReference section */

/* Begin PBXFrameworksBuildPhase section */
		5676ADBC2C65624F005F7581 /* Frameworks */ = {
			isa = PBXFrameworksBuildPhase;
			buildActionMask = 2147483647;
			files = (
			);
			runOnlyForDeploymentPostprocessing = 0;
		};
/* End PBXFrameworksBuildPhase section */

/* Begin PBXGroup section */
		5676ADB62C65624F005F7581 = {
			isa = PBXGroup;
			children = (
				5676ADC12C65624F005F7581 /* AssetComposer */,
				5676ADC02C65624F005F7581 /* Products */,
			);
			sourceTree = "<group>";
		};
		5676ADC02C65624F005F7581 /* Products */ = {
			isa = PBXGroup;
			children = (
				5676ADBF2C65624F005F7581 /* AssetComposer.app */,
			);
			name = Products;
			sourceTree = "<group>";
		};
		5676ADC12C65624F005F7581 /* AssetComposer */ = {
			isa = PBXGroup;
			children = (
				5676ADC22C65624F005F7581 /* AppDelegate.swift */,
				5676ADC42C65624F005F7581 /* SceneDelegate.swift */,
				5676ADC62C65624F005F7581 /* ViewController.swift */,
				5676ADD62C668EB2005F7581 /* AssetComposer.swift */,
				5676ADD82C668F00005F7581 /* DefaultAnchorCalculator.swift */,
				5676ADDC2C668FD6005F7581 /* UIImage+Extensions.swift */,
				5676ADDA2C668F79005F7581 /* CGSize+Extensions.swift */,
				5676ADC82C65624F005F7581 /* Main.storyboard */,
				5676ADCB2C656251005F7581 /* Assets.xcassets */,
				5676ADCD2C656251005F7581 /* LaunchScreen.storyboard */,
				5676ADD02C656251005F7581 /* Info.plist */,
			);
			path = AssetComposer;
			sourceTree = "<group>";
		};
/* End PBXGroup section */

/* Begin PBXNativeTarget section */
		5676ADBE2C65624F005F7581 /* AssetComposer */ = {
			isa = PBXNativeTarget;
			buildConfigurationList = 5676ADD32C656251005F7581 /* Build configuration list for PBXNativeTarget "AssetComposer" */;
			buildPhases = (
				5676ADBB2C65624F005F7581 /* Sources */,
				5676ADBC2C65624F005F7581 /* Frameworks */,
				5676ADBD2C65624F005F7581 /* Resources */,
			);
			buildRules = (
			);
			dependencies = (
			);
			name = AssetComposer;
			productName = AssetComposer;
			productReference = 5676ADBF2C65624F005F7581 /* AssetComposer.app */;
			productType = "com.apple.product-type.application";
		};
/* End PBXNativeTarget section */

/* Begin PBXProject section */
		5676ADB72C65624F005F7581 /* Project object */ = {
			isa = PBXProject;
			attributes = {
				BuildIndependentTargetsInParallel = 1;
				LastSwiftUpdateCheck = 1540;
				LastUpgradeCheck = 1540;
				TargetAttributes = {
					5676ADBE2C65624F005F7581 = {
						CreatedOnToolsVersion = 15.4;
					};
				};
			};
			buildConfigurationList = 5676ADBA2C65624F005F7581 /* Build configuration list for PBXProject "AssetComposer" */;
			compatibilityVersion = "Xcode 14.0";
			developmentRegion = en;
			hasScannedForEncodings = 0;
			knownRegions = (
				en,
				Base,
			);
			mainGroup = 5676ADB62C65624F005F7581;
			productRefGroup = 5676ADC02C65624F005F7581 /* Products */;
			projectDirPath = "";
			projectRoot = "";
			targets = (
				5676ADBE2C65624F005F7581 /* AssetComposer */,
			);
		};
/* End PBXProject section */

/* Begin PBXResourcesBuildPhase section */
		5676ADBD2C65624F005F7581 /* Resources */ = {
			isa = PBXResourcesBuildPhase;
			buildActionMask = 2147483647;
			files = (
				5676ADCC2C656251005F7581 /* Assets.xcassets in Resources */,
				5676ADCF2C656251005F7581 /* Base in Resources */,
				5676ADCA2C65624F005F7581 /* Base in Resources */,
			);
			runOnlyForDeploymentPostprocessing = 0;
		};
/* End PBXResourcesBuildPhase section */

/* Begin PBXSourcesBuildPhase section */
		5676ADBB2C65624F005F7581 /* Sources */ = {
			isa = PBXSourcesBuildPhase;
			buildActionMask = 2147483647;
			files = (
				5676ADC72C65624F005F7581 /* ViewController.swift in Sources */,
				5676ADD92C668F00005F7581 /* DefaultAnchorCalculator.swift in Sources */,
				5676ADC32C65624F005F7581 /* AppDelegate.swift in Sources */,
				5676ADDD2C668FD6005F7581 /* UIImage+Extensions.swift in Sources */,
				5676ADD72C668EB2005F7581 /* AssetComposer.swift in Sources */,
				5676ADDB2C668F79005F7581 /* CGSize+Extensions.swift in Sources */,
				5676ADC52C65624F005F7581 /* SceneDelegate.swift in Sources */,
			);
			runOnlyForDeploymentPostprocessing = 0;
		};
/* End PBXSourcesBuildPhase section */

/* Begin PBXVariantGroup section */
		5676ADC82C65624F005F7581 /* Main.storyboard */ = {
			isa = PBXVariantGroup;
			children = (
				5676ADC92C65624F005F7581 /* Base */,
			);
			name = Main.storyboard;
			sourceTree = "<group>";
		};
		5676ADCD2C656251005F7581 /* LaunchScreen.storyboard */ = {
			isa = PBXVariantGroup;
			children = (
				5676ADCE2C656251005F7581 /* Base */,
			);
			name = LaunchScreen.storyboard;
			sourceTree = "<group>";
		};
/* End PBXVariantGroup section */

/* Begin XCBuildConfiguration section */
		5676ADD12C656251005F7581 /* Debug */ = {
			isa = XCBuildConfiguration;
			buildSettings = {
				ALWAYS_SEARCH_USER_PATHS = NO;
				ASSETCATALOG_COMPILER_GENERATE_SWIFT_ASSET_SYMBOL_EXTENSIONS = YES;
				CLANG_ANALYZER_NONNULL = YES;
				CLANG_ANALYZER_NUMBER_OBJECT_CONVERSION = YES_AGGRESSIVE;
				CLANG_CXX_LANGUAGE_STANDARD = "gnu++20";
				CLANG_ENABLE_MODULES = YES;
				CLANG_ENABLE_OBJC_ARC = YES;
				CLANG_ENABLE_OBJC_WEAK = YES;
				CLANG_WARN_BLOCK_CAPTURE_AUTORELEASING = YES;
				CLANG_WARN_BOOL_CONVERSION = YES;
				CLANG_WARN_COMMA = YES;
				CLANG_WARN_CONSTANT_CONVERSION = YES;
				CLANG_WARN_DEPRECATED_OBJC_IMPLEMENTATIONS = YES;
				CLANG_WARN_DIRECT_OBJC_ISA_USAGE = YES_ERROR;
				CLANG_WARN_DOCUMENTATION_COMMENTS = YES;
				CLANG_WARN_EMPTY_BODY = YES;
				CLANG_WARN_ENUM_CONVERSION = YES;
				CLANG_WARN_INFINITE_RECURSION = YES;
				CLANG_WARN_INT_CONVERSION = YES;
				CLANG_WARN_NON_LITERAL_NULL_CONVERSION = YES;
				CLANG_WARN_OBJC_IMPLICIT_RETAIN_SELF = YES;
				CLANG_WARN_OBJC_LITERAL_CONVERSION = YES;
				CLANG_WARN_OBJC_ROOT_CLASS = YES_ERROR;
				CLANG_WARN_QUOTED_INCLUDE_IN_FRAMEWORK_HEADER = YES;
				CLANG_WARN_RANGE_LOOP_ANALYSIS = YES;
				CLANG_WARN_STRICT_PROTOTYPES = YES;
				CLANG_WARN_SUSPICIOUS_MOVE = YES;
				CLANG_WARN_UNGUARDED_AVAILABILITY = YES_AGGRESSIVE;
				CLANG_WARN_UNREACHABLE_CODE = YES;
				CLANG_WARN__DUPLICATE_METHOD_MATCH = YES;
				COPY_PHASE_STRIP = NO;
				DEBUG_INFORMATION_FORMAT = dwarf;
				ENABLE_STRICT_OBJC_MSGSEND = YES;
				ENABLE_TESTABILITY = YES;
				ENABLE_USER_SCRIPT_SANDBOXING = YES;
				GCC_C_LANGUAGE_STANDARD = gnu17;
				GCC_DYNAMIC_NO_PIC = NO;
				GCC_NO_COMMON_BLOCKS = YES;
				GCC_OPTIMIZATION_LEVEL = 0;
				GCC_PREPROCESSOR_DEFINITIONS = (
					"DEBUG=1",
					"$(inherited)",
				);
				GCC_WARN_64_TO_32_BIT_CONVERSION = YES;
				GCC_WARN_ABOUT_RETURN_TYPE = YES_ERROR;
				GCC_WARN_UNDECLARED_SELECTOR = YES;
				GCC_WARN_UNINITIALIZED_AUTOS = YES_AGGRESSIVE;
				GCC_WARN_UNUSED_FUNCTION = YES;
				GCC_WARN_UNUSED_VARIABLE = YES;
				IPHONEOS_DEPLOYMENT_TARGET = 17.5;
				LOCALIZATION_PREFERS_STRING_CATALOGS = YES;
				MTL_ENABLE_DEBUG_INFO = INCLUDE_SOURCE;
				MTL_FAST_MATH = YES;
				ONLY_ACTIVE_ARCH = YES;
				SDKROOT = iphoneos;
				SWIFT_ACTIVE_COMPILATION_CONDITIONS = "DEBUG $(inherited)";
				SWIFT_OPTIMIZATION_LEVEL = "-Onone";
			};
			name = Debug;
		};
		5676ADD22C656251005F7581 /* Release */ = {
			isa = XCBuildConfiguration;
			buildSettings = {
				ALWAYS_SEARCH_USER_PATHS = NO;
				ASSETCATALOG_COMPILER_GENERATE_SWIFT_ASSET_SYMBOL_EXTENSIONS = YES;
				CLANG_ANALYZER_NONNULL = YES;
				CLANG_ANALYZER_NUMBER_OBJECT_CONVERSION = YES_AGGRESSIVE;
				CLANG_CXX_LANGUAGE_STANDARD = "gnu++20";
				CLANG_ENABLE_MODULES = YES;
				CLANG_ENABLE_OBJC_ARC = YES;
				CLANG_ENABLE_OBJC_WEAK = YES;
				CLANG_WARN_BLOCK_CAPTURE_AUTORELEASING = YES;
				CLANG_WARN_BOOL_CONVERSION = YES;
				CLANG_WARN_COMMA = YES;
				CLANG_WARN_CONSTANT_CONVERSION = YES;
				CLANG_WARN_DEPRECATED_OBJC_IMPLEMENTATIONS = YES;
				CLANG_WARN_DIRECT_OBJC_ISA_USAGE = YES_ERROR;
				CLANG_WARN_DOCUMENTATION_COMMENTS = YES;
				CLANG_WARN_EMPTY_BODY = YES;
				CLANG_WARN_ENUM_CONVERSION = YES;
				CLANG_WARN_INFINITE_RECURSION = YES;
				CLANG_WARN_INT_CONVERSION = YES;
				CLANG_WARN_NON_LITERAL_NULL_CONVERSION = YES;
				CLANG_WARN_OBJC_IMPLICIT_RETAIN_SELF = YES;
				CLANG_WARN_OBJC_LITERAL_CONVERSION = YES;
				CLANG_WARN_OBJC_ROOT_CLASS = YES_ERROR;
				CLANG_WARN_QUOTED_INCLUDE_IN_FRAMEWORK_HEADER = YES;
				CLANG_WARN_RANGE_LOOP_ANALYSIS = YES;
				CLANG_WARN_STRICT_PROTOTYPES = YES;
				CLANG_WARN_SUSPICIOUS_MOVE = YES;
				CLANG_WARN_UNGUARDED_AVAILABILITY = YES_AGGRESSIVE;
				CLANG_WARN_UNREACHABLE_CODE = YES;
				CLANG_WARN__DUPLICATE_METHOD_MATCH = YES;
				COPY_PHASE_STRIP = NO;
				DEBUG_INFORMATION_FORMAT = "dwarf-with-dsym";
				ENABLE_NS_ASSERTIONS = NO;
				ENABLE_STRICT_OBJC_MSGSEND = YES;
				ENABLE_USER_SCRIPT_SANDBOXING = YES;
				GCC_C_LANGUAGE_STANDARD = gnu17;
				GCC_NO_COMMON_BLOCKS = YES;
				GCC_WARN_64_TO_32_BIT_CONVERSION = YES;
				GCC_WARN_ABOUT_RETURN_TYPE = YES_ERROR;
				GCC_WARN_UNDECLARED_SELECTOR = YES;
				GCC_WARN_UNINITIALIZED_AUTOS = YES_AGGRESSIVE;
				GCC_WARN_UNUSED_FUNCTION = YES;
				GCC_WARN_UNUSED_VARIABLE = YES;
				IPHONEOS_DEPLOYMENT_TARGET = 17.5;
				LOCALIZATION_PREFERS_STRING_CATALOGS = YES;
				MTL_ENABLE_DEBUG_INFO = NO;
				MTL_FAST_MATH = YES;
				SDKROOT = iphoneos;
				SWIFT_COMPILATION_MODE = wholemodule;
				VALIDATE_PRODUCT = YES;
			};
			name = Release;
		};
		5676ADD42C656251005F7581 /* Debug */ = {
			isa = XCBuildConfiguration;
			buildSettings = {
				ASSETCATALOG_COMPILER_APPICON_NAME = AppIcon;
				ASSETCATALOG_COMPILER_GLOBAL_ACCENT_COLOR_NAME = AccentColor;
				CODE_SIGN_STYLE = Automatic;
				CURRENT_PROJECT_VERSION = 1;
				DEVELOPMENT_TEAM = 7K4QY5L96D;
				GENERATE_INFOPLIST_FILE = YES;
				INFOPLIST_FILE = AssetComposer/Info.plist;
				INFOPLIST_KEY_UIApplicationSupportsIndirectInputEvents = YES;
				INFOPLIST_KEY_UILaunchStoryboardName = LaunchScreen;
				INFOPLIST_KEY_UIMainStoryboardFile = Main;
				INFOPLIST_KEY_UISupportedInterfaceOrientations_iPad = "UIInterfaceOrientationPortrait UIInterfaceOrientationPortraitUpsideDown UIInterfaceOrientationLandscapeLeft UIInterfaceOrientationLandscapeRight";
				INFOPLIST_KEY_UISupportedInterfaceOrientations_iPhone = "UIInterfaceOrientationPortrait UIInterfaceOrientationLandscapeLeft UIInterfaceOrientationLandscapeRight";
				LD_RUNPATH_SEARCH_PATHS = (
					"$(inherited)",
					"@executable_path/Frameworks",
				);
				MARKETING_VERSION = 1.0;
				PRODUCT_BUNDLE_IDENTIFIER = com.ArthurAvagyan.AssetComposer;
				PRODUCT_NAME = "$(TARGET_NAME)";
				SWIFT_EMIT_LOC_STRINGS = YES;
				SWIFT_VERSION = 5.0;
				TARGETED_DEVICE_FAMILY = "1,2";
			};
			name = Debug;
		};
		5676ADD52C656251005F7581 /* Release */ = {
			isa = XCBuildConfiguration;
			buildSettings = {
				ASSETCATALOG_COMPILER_APPICON_NAME = AppIcon;
				ASSETCATALOG_COMPILER_GLOBAL_ACCENT_COLOR_NAME = AccentColor;
				CODE_SIGN_STYLE = Automatic;
				CURRENT_PROJECT_VERSION = 1;
				DEVELOPMENT_TEAM = 7K4QY5L96D;
				GENERATE_INFOPLIST_FILE = YES;
				INFOPLIST_FILE = AssetComposer/Info.plist;
				INFOPLIST_KEY_UIApplicationSupportsIndirectInputEvents = YES;
				INFOPLIST_KEY_UILaunchStoryboardName = LaunchScreen;
				INFOPLIST_KEY_UIMainStoryboardFile = Main;
				INFOPLIST_KEY_UISupportedInterfaceOrientations_iPad = "UIInterfaceOrientationPortrait UIInterfaceOrientationPortraitUpsideDown UIInterfaceOrientationLandscapeLeft UIInterfaceOrientationLandscapeRight";
				INFOPLIST_KEY_UISupportedInterfaceOrientations_iPhone = "UIInterfaceOrientationPortrait UIInterfaceOrientationLandscapeLeft UIInterfaceOrientationLandscapeRight";
				LD_RUNPATH_SEARCH_PATHS = (
					"$(inherited)",
					"@executable_path/Frameworks",
				);
				MARKETING_VERSION = 1.0;
				PRODUCT_BUNDLE_IDENTIFIER = com.ArthurAvagyan.AssetComposer;
				PRODUCT_NAME = "$(TARGET_NAME)";
				SWIFT_EMIT_LOC_STRINGS = YES;
				SWIFT_VERSION = 5.0;
				TARGETED_DEVICE_FAMILY = "1,2";
			};
			name = Release;
		};
/* End XCBuildConfiguration section */

/* Begin XCConfigurationList section */
		5676ADBA2C65624F005F7581 /* Build configuration list for PBXProject "AssetComposer" */ = {
			isa = XCConfigurationList;
			buildConfigurations = (
				5676ADD12C656251005F7581 /* Debug */,
				5676ADD22C656251005F7581 /* Release */,
			);
			defaultConfigurationIsVisible = 0;
			defaultConfigurationName = Release;
		};
		5676ADD32C656251005F7581 /* Build configuration list for PBXNativeTarget "AssetComposer" */ = {
			isa = XCConfigurationList;
			buildConfigurations = (
				5676ADD42C656251005F7581 /* Debug */,
				5676ADD52C656251005F7581 /* Release */,
			);
			defaultConfigurationIsVisible = 0;
			defaultConfigurationName = Release;
		};
/* End XCConfigurationList section */
	};
	rootObject = 5676ADB72C65624F005F7581 /* Project object */;
}
